# THIS IS AN AUTOGENERATED FILE. DO NOT EDIT THIS FILE DIRECTLY.
# yarn lockfile v1


accepts@~1.0.7:
  version "1.0.7"
  resolved "https://registry.yarnpkg.com/accepts/-/accepts-1.0.7.tgz#5b501fb4f0704309964ccdb048172541208dab1a"
  integrity sha1-W1AftPBwQwmWTM2wSBclQSCNqxo=
  dependencies:
    mime-types "~1.0.0"
    negotiator "0.4.7"

bluebird@3.5.1:
  version "3.5.1"
  resolved "https://registry.yarnpkg.com/bluebird/-/bluebird-3.5.1.tgz#d9551f9de98f1fcda1e683d17ee91a0602ee2eb9"
  integrity sha512-MKiLiV+I1AA596t9w1sQJ8jkiSr5+ZKi0WKrYGUn6d1Fx+Ij4tIj+m2WMQSGczs5jZVxV339chE8iwk6F64wjA==

body-parser@~1.0.1:
  version "1.0.2"
  resolved "https://registry.yarnpkg.com/body-parser/-/body-parser-1.0.2.tgz#3461479a3278fe00fcaebec3314bb54fc4f7b47c"
  integrity sha1-NGFHmjJ4/gD8rr7DMUu1T8T3tHw=
  dependencies:
    qs "~0.6.6"
    raw-body "~1.1.2"
    type-is "~1.1.0"

bson@^1.1.1, bson@~1.1.1:
  version "1.1.6"
  resolved "https://registry.yarnpkg.com/bson/-/bson-1.1.6.tgz#fb819be9a60cd677e0853aee4ca712a785d6618a"
  integrity sha512-EvVNVeGo4tHxwi8L6bPj3y3itEvStdwvvlojVxxbyYfoaxJ6keLgrTuKdyfEAszFK+H3olzBuafE0yoh0D1gdg==

buffer-crc32@0.2.3:
  version "0.2.3"
  resolved "https://registry.yarnpkg.com/buffer-crc32/-/buffer-crc32-0.2.3.tgz#bb54519e95d107cbd2400e76d0cab1467336d921"
  integrity sha1-u1RRnpXRB8vSQA520MqxRnM22SE=

bytes@1:
  version "1.0.0"
  resolved "https://registry.yarnpkg.com/bytes/-/bytes-1.0.0.tgz#3569ede8ba34315fab99c3e92cb04c7220de1fa8"
  integrity sha1-NWnt6Lo0MV+rmcPpLLBMciDeH6g=

cookie-signature@1.0.4:
  version "1.0.4"
  resolved "https://registry.yarnpkg.com/cookie-signature/-/cookie-signature-1.0.4.tgz#0edd22286e3a111b9a2a70db363e925e867f6aca"
  integrity sha1-Dt0iKG46ERuaKnDbNj6SXoZ/aso=

cookie@0.1.2:
  version "0.1.2"
  resolved "https://registry.yarnpkg.com/cookie/-/cookie-0.1.2.tgz#72fec3d24e48a3432073d90c12642005061004b1"
  integrity sha1-cv7D0k5Io0Mgc9kMEmQgBQYQBLE=

debug@1.0.4:
  version "1.0.4"
  resolved "https://registry.yarnpkg.com/debug/-/debug-1.0.4.tgz#5b9c256bd54b6ec02283176fa8a0ede6d154cbf8"
  integrity sha1-W5wla9VLbsAigxdvqKDt5tFUy/g=
  dependencies:
    ms "0.6.2"

debug@3.1.0:
  version "3.1.0"
  resolved "https://registry.yarnpkg.com/debug/-/debug-3.1.0.tgz#5bb5a0672628b64149566ba16819e61518c67261"
  integrity sha512-OX8XqP7/1a9cqkxYw2yXss15f26NKWBpDXQd0/uK/KPqdQhxbPa994hnzjcE2VqQpDslf55723cKPUOGSmMY3g==
  dependencies:
    ms "2.0.0"

depd@0.4.4:
  version "0.4.4"
  resolved "https://registry.yarnpkg.com/depd/-/depd-0.4.4.tgz#07091fae75f97828d89b4a02a2d4778f0e7c0662"
  integrity sha1-BwkfrnX5eCjYm0oCotR3jw58BmI=

destroy@1.0.3:
  version "1.0.3"
  resolved "https://registry.yarnpkg.com/destroy/-/destroy-1.0.3.tgz#b433b4724e71fd8551d9885174851c5fc377e2c9"
  integrity sha1-tDO0ck5x/YVR2YhRdIUcX8N34sk=

ee-first@1.0.5:
  version "1.0.5"
  resolved "https://registry.yarnpkg.com/ee-first/-/ee-first-1.0.5.tgz#8c9b212898d8cd9f1a9436650ce7be202c9e9ff0"
  integrity sha1-jJshKJjYzZ8alDZlDOe+ICyen/A=

escape-html@1.0.1:
  version "1.0.1"
  resolved "https://registry.yarnpkg.com/escape-html/-/escape-html-1.0.1.tgz#181a286ead397a39a92857cfb1d43052e356bff0"
  integrity sha1-GBoobq05ejmpKFfPsdQwUuNWv/A=

express-history-api-fallback@~2.0.0:
  version "2.0.0"
  resolved "https://registry.yarnpkg.com/express-history-api-fallback/-/express-history-api-fallback-2.0.0.tgz#c7a47ffe30ee1a1ff6cf54c2bdc319d634991b2e"
  integrity sha1-x6R//jDuGh/2z1TCvcMZ1jSZGy4=

express@~4.8.0:
  version "4.8.8"
  resolved "https://registry.yarnpkg.com/express/-/express-4.8.8.tgz#6aba348ccdfa87608040b12ca0010107a0aac28e"
  integrity sha1-aro0jM36h2CAQLEsoAEBB6Cqwo4=
  dependencies:
    accepts "~1.0.7"
    buffer-crc32 "0.2.3"
    cookie "0.1.2"
    cookie-signature "1.0.4"
    debug "1.0.4"
    depd "0.4.4"
    escape-html "1.0.1"
    finalhandler "0.1.0"
    fresh "0.2.2"
    media-typer "0.2.0"
    merge-descriptors "0.0.2"
    methods "1.1.0"
    parseurl "~1.3.0"
    path-to-regexp "0.1.3"
    proxy-addr "1.0.1"
    qs "2.2.2"
    range-parser "1.0.0"
    send "0.8.5"
    serve-static "~1.5.4"
    type-is "~1.3.2"
    utils-merge "1.0.0"
    vary "0.1.0"

finalhandler@0.1.0:
  version "0.1.0"
  resolved "https://registry.yarnpkg.com/finalhandler/-/finalhandler-0.1.0.tgz#da05bbc4f5f4a30c84ce1d91f3c154007c4e9daa"
  integrity sha1-2gW7xPX0owyEzh2R88FUAHxOnao=
  dependencies:
    debug "1.0.4"
    escape-html "1.0.1"

fresh@0.2.2:
  version "0.2.2"
  resolved "https://registry.yarnpkg.com/fresh/-/fresh-0.2.2.tgz#9731dcf5678c7faeb44fb903c4f72df55187fa77"
  integrity sha1-lzHc9WeMf660T7kDxPct9VGH+nc=

ipaddr.js@0.1.2:
  version "0.1.2"
  resolved "https://registry.yarnpkg.com/ipaddr.js/-/ipaddr.js-0.1.2.tgz#6a1fd3d854f5002965c34d7bbcd9b4a8d4b0467e"
  integrity sha1-ah/T2FT1ACllw017vNm0qNSwRn4=

kareem@2.3.1:
  version "2.3.1"
  resolved "https://registry.yarnpkg.com/kareem/-/kareem-2.3.1.tgz#def12d9c941017fabfb00f873af95e9c99e1be87"
  integrity sha512-l3hLhffs9zqoDe8zjmb/mAN4B8VT3L56EUvKNqLFVs9YlFA+zx7ke1DO8STAdDyYNkeSo1nKmjuvQeI12So8Xw==

media-typer@0.2.0:
  version "0.2.0"
  resolved "https://registry.yarnpkg.com/media-typer/-/media-typer-0.2.0.tgz#d8a065213adfeaa2e76321a2b6dda36ff6335984"
  integrity sha1-2KBlITrf6qLnYyGitt2jb/YzWYQ=

merge-descriptors@0.0.2:
  version "0.0.2"
  resolved "https://registry.yarnpkg.com/merge-descriptors/-/merge-descriptors-0.0.2.tgz#c36a52a781437513c57275f39dd9d317514ac8c7"
  integrity sha1-w2pSp4FDdRPFcnXzndnTF1FKyMc=

methods@1.1.0:
  version "1.1.0"
  resolved "https://registry.yarnpkg.com/methods/-/methods-1.1.0.tgz#5dca4ee12df52ff3b056145986a8f01cbc86436f"
  integrity sha1-XcpO4S31L/OwVhRZhqjwHLyGQ28=

mime-types@~1.0.0, mime-types@~1.0.1:
  version "1.0.2"
  resolved "https://registry.yarnpkg.com/mime-types/-/mime-types-1.0.2.tgz#995ae1392ab8affcbfcb2641dd054e943c0d5dce"
  integrity sha1-mVrhOSq4r/y/yyZB3QVOlDwNXc4=

mime@1.2.11, mime@~1.2.11:
  version "1.2.11"
  resolved "https://registry.yarnpkg.com/mime/-/mime-1.2.11.tgz#58203eed86e3a5ef17aed2b7d9ebd47f0a60dd10"
  integrity sha1-WCA+7Ybjpe8XrtK32evUfwpg3RA=

mongodb@3.3.2:
  version "3.3.2"
  resolved "https://registry.yarnpkg.com/mongodb/-/mongodb-3.3.2.tgz#ff086b5f552cf07e24ce098694210f3d42d668b2"
  integrity sha512-fqJt3iywelk4yKu/lfwQg163Bjpo5zDKhXiohycvon4iQHbrfflSAz9AIlRE6496Pm/dQKQK5bMigdVo2s6gBg==
  dependencies:
    bson "^1.1.1"
    require_optional "^1.0.1"
    safe-buffer "^5.1.2"

mongoose-legacy-pluralize@1.0.2:
  version "1.0.2"
  resolved "https://registry.yarnpkg.com/mongoose-legacy-pluralize/-/mongoose-legacy-pluralize-1.0.2.tgz#3ba9f91fa507b5186d399fb40854bff18fb563e4"
  integrity sha512-Yo/7qQU4/EyIS8YDFSeenIvXxZN+ld7YdV9LqFVQJzTLye8unujAWPZ4NWKfFA+RNjh+wvTWKY9Z3E5XM6ZZiQ==

mongoose@~5.7.5:
  version "5.7.5"
  resolved "https://registry.yarnpkg.com/mongoose/-/mongoose-5.7.5.tgz#b787b47216edf62036aa358c3ef0f1869c46cdc2"
  integrity sha512-BZ4FxtnbTurc/wcm/hLltLdI4IDxo4nsE0D9q58YymTdZwreNzwO62CcjVtaHhmr8HmJtOInp2W/T12FZaMf8g==
  dependencies:
    bson "~1.1.1"
    kareem "2.3.1"
    mongodb "3.3.2"
    mongoose-legacy-pluralize "1.0.2"
    mpath "0.6.0"
    mquery "3.2.2"
    ms "2.1.2"
    regexp-clone "1.0.0"
    safe-buffer "5.1.2"
    sift "7.0.1"
    sliced "1.0.1"

mpath@0.6.0:
  version "0.6.0"
  resolved "https://registry.yarnpkg.com/mpath/-/mpath-0.6.0.tgz#aa922029fca4f0f641f360e74c5c1b6a4c47078e"
  integrity sha512-i75qh79MJ5Xo/sbhxrDrPSEG0H/mr1kcZXJ8dH6URU5jD/knFxCVqVC/gVSW7GIXL/9hHWlT9haLbCXWOll3qw==

mquery@3.2.2:
  version "3.2.2"
  resolved "https://registry.yarnpkg.com/mquery/-/mquery-3.2.2.tgz#e1383a3951852ce23e37f619a9b350f1fb3664e7"
  integrity sha512-XB52992COp0KP230I3qloVUbkLUxJIu328HBP2t2EsxSFtf4W1HPSOBWOXf1bqxK4Xbb66lfMJ+Bpfd9/yZE1Q==
  dependencies:
    bluebird "3.5.1"
    debug "3.1.0"
    regexp-clone "^1.0.0"
    safe-buffer "5.1.2"
    sliced "1.0.1"

ms@0.6.2:
  version "0.6.2"
  resolved "https://registry.yarnpkg.com/ms/-/ms-0.6.2.tgz#d89c2124c6fdc1353d65a8b77bf1aac4b193708c"
  integrity sha1-2JwhJMb9wTU9Zai3e/GqxLGTcIw=

ms@2.0.0:
  version "2.0.0"
  resolved "https://registry.yarnpkg.com/ms/-/ms-2.0.0.tgz#5608aeadfc00be6c2901df5f9861788de0d597c8"
  integrity sha512-Tpp60P6IUJDTuOq/5Z8cdskzJujfwqfOTkrwIwj7IRISpnkJnT6SyJ4PCPnGMoFjC9ddhal5KVIYtAt97ix05A==

ms@2.1.2:
  version "2.1.2"
  resolved "https://registry.yarnpkg.com/ms/-/ms-2.1.2.tgz#d09d1f357b443f493382a8eb3ccd183872ae6009"
  integrity sha512-sGkPx+VjMtmA6MX27oA4FBFELFCZZ4S4XqeGOXCv68tT+jb3vk/RyaKWP0PTKyWtmLSM0b+adUTEvbs1PEaH2w==

negotiator@0.4.7:
  version "0.4.7"
  resolved "https://registry.yarnpkg.com/negotiator/-/negotiator-0.4.7.tgz#a4160f7177ec806738631d0d3052325da42abdc8"
  integrity sha1-pBYPcXfsgGc4Yx0NMFIyXaQqvcg=

on-finished@2.1.0:
  version "2.1.0"
  resolved "https://registry.yarnpkg.com/on-finished/-/on-finished-2.1.0.tgz#0c539f09291e8ffadde0c8a25850fb2cedc7022d"
  integrity sha1-DFOfCSkej/rd4MiiWFD7LO3HAi0=
  dependencies:
    ee-first "1.0.5"

parseurl@~1.3.0:
  version "1.3.2"
  resolved "https://registry.yarnpkg.com/parseurl/-/parseurl-1.3.2.tgz#fc289d4ed8993119460c156253262cdc8de65bf3"
  integrity sha1-/CidTtiZMRlGDBViUyYs3I3mW/M=

path-to-regexp@0.1.3:
  version "0.1.3"
  resolved "https://registry.yarnpkg.com/path-to-regexp/-/path-to-regexp-0.1.3.tgz#21b9ab82274279de25b156ea08fd12ca51b8aecb"
  integrity sha1-IbmrgidCed4lsVbqCP0SylG4rss=

proxy-addr@1.0.1:
  version "1.0.1"
  resolved "https://registry.yarnpkg.com/proxy-addr/-/proxy-addr-1.0.1.tgz#c7c566d5eb4e3fad67eeb9c77c5558ccc39b88a8"
  integrity sha1-x8Vm1etOP61n7rnHfFVYzMObiKg=
  dependencies:
    ipaddr.js "0.1.2"

qs@2.2.2:
  version "2.2.2"
  resolved "https://registry.yarnpkg.com/qs/-/qs-2.2.2.tgz#dfe783f1854b1ac2b3ade92775ad03e27e03218c"
  integrity sha1-3+eD8YVLGsKzreknda0D4n4DIYw=

qs@~0.6.6:
  version "0.6.6"
  resolved "https://registry.yarnpkg.com/qs/-/qs-0.6.6.tgz#6e015098ff51968b8a3c819001d5f2c89bc4b107"
  integrity sha1-bgFQmP9RlouKPIGQAdXyyJvEsQc=

range-parser@1.0.0:
  version "1.0.0"
  resolved "https://registry.yarnpkg.com/range-parser/-/range-parser-1.0.0.tgz#a4b264cfe0be5ce36abe3765ac9c2a248746dbc0"
  integrity sha1-pLJkz+C+XONqvjdlrJwqJIdG28A=

range-parser@~1.0.0:
  version "1.0.3"
  resolved "https://registry.yarnpkg.com/range-parser/-/range-parser-1.0.3.tgz#6872823535c692e2c2a0103826afd82c2e0ff175"
  integrity sha1-aHKCNTXGkuLCoBA4Jq/YLC4P8XU=

raw-body@~1.1.2:
  version "1.1.7"
  resolved "https://registry.yarnpkg.com/raw-body/-/raw-body-1.1.7.tgz#1d027c2bfa116acc6623bca8f00016572a87d425"
  integrity sha1-HQJ8K/oRasxmI7yo8AAWVyqH1CU=
  dependencies:
    bytes "1"
    string_decoder "0.10"

regexp-clone@1.0.0, regexp-clone@^1.0.0:
  version "1.0.0"
  resolved "https://registry.yarnpkg.com/regexp-clone/-/regexp-clone-1.0.0.tgz#222db967623277056260b992626354a04ce9bf63"
  integrity sha512-TuAasHQNamyyJ2hb97IuBEif4qBHGjPHBS64sZwytpLEqtBQ1gPJTnOaQ6qmpET16cK14kkjbazl6+p0RRv0yw==

require_optional@^1.0.1:
  version "1.0.1"
  resolved "https://registry.yarnpkg.com/require_optional/-/require_optional-1.0.1.tgz#4cf35a4247f64ca3df8c2ef208cc494b1ca8fc2e"
  integrity sha512-qhM/y57enGWHAe3v/NcwML6a3/vfESLe/sGM2dII+gEO0BpKRUkWZow/tyloNqJyN6kXSl3RyyM8Ll5D/sJP8g==
  dependencies:
    resolve-from "^2.0.0"
    semver "^5.1.0"

resolve-from@^2.0.0:
  version "2.0.0"
  resolved "https://registry.yarnpkg.com/resolve-from/-/resolve-from-2.0.0.tgz#9480ab20e94ffa1d9e80a804c7ea147611966b57"
  integrity sha1-lICrIOlP+h2egKgEx+oUdhGWa1c=

safe-buffer@5.1.2:
  version "5.1.2"
  resolved "https://registry.yarnpkg.com/safe-buffer/-/safe-buffer-5.1.2.tgz#991ec69d296e0313747d59bdfd2b745c35f8828d"
  integrity sha512-Gd2UZBJDkXlY7GbJxfsE8/nvKkUEU1G38c1siN6QP6a9PT9MmHB8GnpscSmMJSoF8LOIrt8ud/wPtojys4G6+g==

safe-buffer@^5.1.2:
  version "5.2.1"
  resolved "https://registry.yarnpkg.com/safe-buffer/-/safe-buffer-5.2.1.tgz#1eaf9fa9bdb1fdd4ec75f58f9cdb4e6b7827eec6"
  integrity sha512-rp3So07KcdmmKbGvgaNxQSJr7bGVSVk5S9Eq1F+ppbRo70+YeaDxkw5Dd8NPN+GD6bjnYm2VuPuCXmpuYvmCXQ==

semver@^5.1.0:
  version "5.6.0"
  resolved "https://registry.yarnpkg.com/semver/-/semver-5.6.0.tgz#7e74256fbaa49c75aa7c7a205cc22799cac80004"
  integrity sha512-RS9R6R35NYgQn++fkDWaOmqGoj4Ek9gGs+DPxNUZKuwE183xjJroKvyo1IzVFeXvUrvmALy6FWD5xrdJT25gMg==

send@0.8.5:
  version "0.8.5"
  resolved "https://registry.yarnpkg.com/send/-/send-0.8.5.tgz#37f708216e6f50c175e74c69fec53484e2fd82c7"
  integrity sha1-N/cIIW5vUMF150xp/sU0hOL9gsc=
  dependencies:
    debug "1.0.4"
    depd "0.4.4"
    destroy "1.0.3"
    escape-html "1.0.1"
    fresh "0.2.2"
    mime "1.2.11"
    ms "0.6.2"
    on-finished "2.1.0"
    range-parser "~1.0.0"

serve-static@~1.5.4:
  version "1.5.4"
  resolved "https://registry.yarnpkg.com/serve-static/-/serve-static-1.5.4.tgz#819fb37ae46bd02dd520b77fcf7fd8f5112f9782"
  integrity sha1-gZ+zeuRr0C3VILd/z3/Y9REvl4I=
  dependencies:
    escape-html "1.0.1"
    parseurl "~1.3.0"
    send "0.8.5"
    utils-merge "1.0.0"

sift@7.0.1:
  version "7.0.1"
  resolved "https://registry.yarnpkg.com/sift/-/sift-7.0.1.tgz#47d62c50b159d316f1372f8b53f9c10cd21a4b08"
  integrity sha512-oqD7PMJ+uO6jV9EQCl0LrRw1OwsiPsiFQR5AR30heR+4Dl7jBBbDLnNvWiak20tzZlSE1H7RB30SX/1j/YYT7g==

sliced@1.0.1:
  version "1.0.1"
  resolved "https://registry.yarnpkg.com/sliced/-/sliced-1.0.1.tgz#0b3a662b5d04c3177b1926bea82b03f837a2ef41"
  integrity sha1-CzpmK10Ewxd7GSa+qCsD+Dei70E=

string_decoder@0.10:
  version "0.10.31"
  resolved "https://registry.yarnpkg.com/string_decoder/-/string_decoder-0.10.31.tgz#62e203bc41766c6c28c9fc84301dab1c5310fa94"
  integrity sha1-YuIDvEF2bGwoyfyEMB2rHFMQ+pQ=

type-is@~1.1.0:
  version "1.1.0"
  resolved "https://registry.yarnpkg.com/type-is/-/type-is-1.1.0.tgz#d0245ec8b2676668d59dd0cf3255060676a57db6"
  integrity sha1-0CReyLJnZmjVndDPMlUGBnalfbY=
  dependencies:
    mime "~1.2.11"

type-is@~1.3.2:
  version "1.3.2"
  resolved "https://registry.yarnpkg.com/type-is/-/type-is-1.3.2.tgz#4f2a5dc58775ca1630250afc7186f8b36309d1bb"
  integrity sha1-TypdxYd1yhYwJQr8cYb4s2MJ0bs=
  dependencies:
    media-typer "0.2.0"
    mime-types "~1.0.1"

utils-merge@1.0.0:
  version "1.0.0"
  resolved "https://registry.yarnpkg.com/utils-merge/-/utils-merge-1.0.0.tgz#0294fb922bb9375153541c4f7096231f287c8af8"
  integrity sha1-ApT7kiu5N1FTVBxPcJYjHyh8ivg=

vary@0.1.0:
  version "0.1.0"
  resolved "https://registry.yarnpkg.com/vary/-/vary-0.1.0.tgz#df0945899e93c0cc5bd18cc8321d9d21e74f6176"
  integrity sha1-3wlFiZ6TwMxb0YzIMh2dIedPYXY=
